// !$*UTF8*$!
{
	archiveVersion = 1;
	classes = {
	};
	objectVersion = 56;
	objects = {

/* Begin PBXBuildFile section */
		3474E58E2B50453200ED0C09 /* puzzle_15_AIApp.swift in Sources */ = {isa = PBXBuildFile; fileRef = 3474E58D2B50453200ED0C09 /* puzzle_15_AIApp.swift */; };
		3474E5902B50453200ED0C09 /* ContentView.swift in Sources */ = {isa = PBXBuildFile; fileRef = 3474E58F2B50453200ED0C09 /* ContentView.swift */; };
		3474E5922B50453C00ED0C09 /* Assets.xcassets in Resources */ = {isa = PBXBuildFile; fileRef = 3474E5912B50453C00ED0C09 /* Assets.xcassets */; };
		3474E5952B50453C00ED0C09 /* Preview Assets.xcassets in Resources */ = {isa = PBXBuildFile; fileRef = 3474E5942B50453C00ED0C09 /* Preview Assets.xcassets */; };
		3474E59F2B50453C00ED0C09 /* puzzle_15_AITests.swift in Sources */ = {isa = PBXBuildFile; fileRef = 3474E59E2B50453C00ED0C09 /* puzzle_15_AITests.swift */; };
		3474E5A92B50453C00ED0C09 /* puzzle_15_AIUITests.swift in Sources */ = {isa = PBXBuildFile; fileRef = 3474E5A82B50453C00ED0C09 /* puzzle_15_AIUITests.swift */; };
		3474E5AB2B50453C00ED0C09 /* puzzle_15_AIUITestsLaunchTests.swift in Sources */ = {isa = PBXBuildFile; fileRef = 3474E5AA2B50453C00ED0C09 /* puzzle_15_AIUITestsLaunchTests.swift */; };
		34B144A52B6955460096213C /* Sounds in Resources */ = {isa = PBXBuildFile; fileRef = 34B144A42B6955460096213C /* Sounds */; };
/* End PBXBuildFile section */

/* Begin PBXContainerItemProxy section */
		3474E59B2B50453C00ED0C09 /* PBXContainerItemProxy */ = {
			isa = PBXContainerItemProxy;
			containerPortal = 3474E5822B50453200ED0C09 /* Project object */;
			proxyType = 1;
			remoteGlobalIDString = 3474E5892B50453200ED0C09;
			remoteInfo = "puzzle 15 AI";
		};
		3474E5A52B50453C00ED0C09 /* PBXContainerItemProxy */ = {
			isa = PBXContainerItemProxy;
			containerPortal = 3474E5822B50453200ED0C09 /* Project object */;
			proxyType = 1;
			remoteGlobalIDString = 3474E5892B50453200ED0C09;
			remoteInfo = "puzzle 15 AI";
		};
/* End PBXContainerItemProxy section */

/* Begin PBXFileReference section */
		3474E58A2B50453200ED0C09 /* puzzle 15 AI.app */ = {isa = PBXFileReference; explicitFileType = wrapper.application; includeInIndex = 0; path = "puzzle 15 AI.app"; sourceTree = BUILT_PRODUCTS_DIR; };
		3474E58D2B50453200ED0C09 /* puzzle_15_AIApp.swift */ = {isa = PBXFileReference; lastKnownFileType = sourcecode.swift; path = puzzle_15_AIApp.swift; sourceTree = "<group>"; };
		3474E58F2B50453200ED0C09 /* ContentView.swift */ = {isa = PBXFileReference; lastKnownFileType = sourcecode.swift; path = ContentView.swift; sourceTree = "<group>"; };
		3474E5912B50453C00ED0C09 /* Assets.xcassets */ = {isa = PBXFileReference; lastKnownFileType = folder.assetcatalog; path = Assets.xcassets; sourceTree = "<group>"; };
		3474E5942B50453C00ED0C09 /* Preview Assets.xcassets */ = {isa = PBXFileReference; lastKnownFileType = folder.assetcatalog; path = "Preview Assets.xcassets"; sourceTree = "<group>"; };
		3474E59A2B50453C00ED0C09 /* puzzle 15 AITests.xctest */ = {isa = PBXFileReference; explicitFileType = wrapper.cfbundle; includeInIndex = 0; path = "puzzle 15 AITests.xctest"; sourceTree = BUILT_PRODUCTS_DIR; };
		3474E59E2B50453C00ED0C09 /* puzzle_15_AITests.swift */ = {isa = PBXFileReference; lastKnownFileType = sourcecode.swift; path = puzzle_15_AITests.swift; sourceTree = "<group>"; };
		3474E5A42B50453C00ED0C09 /* puzzle 15 AIUITests.xctest */ = {isa = PBXFileReference; explicitFileType = wrapper.cfbundle; includeInIndex = 0; path = "puzzle 15 AIUITests.xctest"; sourceTree = BUILT_PRODUCTS_DIR; };
		3474E5A82B50453C00ED0C09 /* puzzle_15_AIUITests.swift */ = {isa = PBXFileReference; lastKnownFileType = sourcecode.swift; path = puzzle_15_AIUITests.swift; sourceTree = "<group>"; };
		3474E5AA2B50453C00ED0C09 /* puzzle_15_AIUITestsLaunchTests.swift */ = {isa = PBXFileReference; lastKnownFileType = sourcecode.swift; path = puzzle_15_AIUITestsLaunchTests.swift; sourceTree = "<group>"; };
		34B144A42B6955460096213C /* Sounds */ = {isa = PBXFileReference; lastKnownFileType = folder; name = Sounds; path = ../../../Sounds; sourceTree = "<group>"; };
/* End PBXFileReference section */

/* Begin PBXFrameworksBuildPhase section */
		3474E5872B50453200ED0C09 /* Frameworks */ = {
			isa = PBXFrameworksBuildPhase;
			buildActionMask = 2147483647;
			files = (
			);
			runOnlyForDeploymentPostprocessing = 0;
		};
		3474E5972B50453C00ED0C09 /* Frameworks */ = {
			isa = PBXFrameworksBuildPhase;
			buildActionMask = 2147483647;
			files = (
			);
			runOnlyForDeploymentPostprocessing = 0;
		};
		3474E5A12B50453C00ED0C09 /* Frameworks */ = {
			isa = PBXFrameworksBuildPhase;
			buildActionMask = 2147483647;
			files = (
			);
			runOnlyForDeploymentPostprocessing = 0;
		};
/* End PBXFrameworksBuildPhase section */

/* Begin PBXGroup section */
		3474E5812B50453200ED0C09 = {
			isa = PBXGroup;
			children = (
				3474E58C2B50453200ED0C09 /* puzzle 15 AI */,
				3474E59D2B50453C00ED0C09 /* puzzle 15 AITests */,
				3474E5A72B50453C00ED0C09 /* puzzle 15 AIUITests */,
				3474E58B2B50453200ED0C09 /* Products */,
			);
			sourceTree = "<group>";
		};
		3474E58B2B50453200ED0C09 /* Products */ = {
			isa = PBXGroup;
			children = (
				3474E58A2B50453200ED0C09 /* puzzle 15 AI.app */,
				3474E59A2B50453C00ED0C09 /* puzzle 15 AITests.xctest */,
				3474E5A42B50453C00ED0C09 /* puzzle 15 AIUITests.xctest */,
			);
			name = Products;
			sourceTree = "<group>";
		};
		3474E58C2B50453200ED0C09 /* puzzle 15 AI */ = {
			isa = PBXGroup;
			children = (
				3474E58D2B50453200ED0C09 /* puzzle_15_AIApp.swift */,
				3474E58F2B50453200ED0C09 /* ContentView.swift */,
				34B144A42B6955460096213C /* Sounds */,
				3474E5912B50453C00ED0C09 /* Assets.xcassets */,
				3474E5932B50453C00ED0C09 /* Preview Content */,
			);
			path = "puzzle 15 AI";
			sourceTree = "<group>";
		};
		3474E5932B50453C00ED0C09 /* Preview Content */ = {
			isa = PBXGroup;
			children = (
				3474E5942B50453C00ED0C09 /* Preview Assets.xcassets */,
			);
			path = "Preview Content";
			sourceTree = "<group>";
		};
		3474E59D2B50453C00ED0C09 /* puzzle 15 AITests */ = {
			isa = PBXGroup;
			children = (
				3474E59E2B50453C00ED0C09 /* puzzle_15_AITests.swift */,
			);
			path = "puzzle 15 AITests";
			sourceTree = "<group>";
		};
		3474E5A72B50453C00ED0C09 /* puzzle 15 AIUITests */ = {
			isa = PBXGroup;
			children = (
				3474E5A82B50453C00ED0C09 /* puzzle_15_AIUITests.swift */,
				3474E5AA2B50453C00ED0C09 /* puzzle_15_AIUITestsLaunchTests.swift */,
			);
			path = "puzzle 15 AIUITests";
			sourceTree = "<group>";
		};
/* End PBXGroup section */

/* Begin PBXNativeTarget section */
		3474E5892B50453200ED0C09 /* puzzle 15 AI */ = {
			isa = PBXNativeTarget;
			buildConfigurationList = 3474E5AE2B50453C00ED0C09 /* Build configuration list for PBXNativeTarget "puzzle 15 AI" */;
			buildPhases = (
				3474E5862B50453200ED0C09 /* Sources */,
				3474E5872B50453200ED0C09 /* Frameworks */,
				3474E5882B50453200ED0C09 /* Resources */,
			);
			buildRules = (
			);
			dependencies = (
			);
			name = "puzzle 15 AI";
			productName = "puzzle 15 AI";
			productReference = 3474E58A2B50453200ED0C09 /* puzzle 15 AI.app */;
			productType = "com.apple.product-type.application";
		};
		3474E5992B50453C00ED0C09 /* puzzle 15 AITests */ = {
			isa = PBXNativeTarget;
			buildConfigurationList = 3474E5B12B50453C00ED0C09 /* Build configuration list for PBXNativeTarget "puzzle 15 AITests" */;
			buildPhases = (
				3474E5962B50453C00ED0C09 /* Sources */,
				3474E5972B50453C00ED0C09 /* Frameworks */,
				3474E5982B50453C00ED0C09 /* Resources */,
			);
			buildRules = (
			);
			dependencies = (
				3474E59C2B50453C00ED0C09 /* PBXTargetDependency */,
			);
			name = "puzzle 15 AITests";
			productName = "puzzle 15 AITests";
			productReference = 3474E59A2B50453C00ED0C09 /* puzzle 15 AITests.xctest */;
			productType = "com.apple.product-type.bundle.unit-test";
		};
		3474E5A32B50453C00ED0C09 /* puzzle 15 AIUITests */ = {
			isa = PBXNativeTarget;
			buildConfigurationList = 3474E5B42B50453C00ED0C09 /* Build configuration list for PBXNativeTarget "puzzle 15 AIUITests" */;
			buildPhases = (
				3474E5A02B50453C00ED0C09 /* Sources */,
				3474E5A12B50453C00ED0C09 /* Frameworks */,
				3474E5A22B50453C00ED0C09 /* Resources */,
			);
			buildRules = (
			);
			dependencies = (
				3474E5A62B50453C00ED0C09 /* PBXTargetDependency */,
			);
			name = "puzzle 15 AIUITests";
			productName = "puzzle 15 AIUITests";
			productReference = 3474E5A42B50453C00ED0C09 /* puzzle 15 AIUITests.xctest */;
			productType = "com.apple.product-type.bundle.ui-testing";
		};
/* End PBXNativeTarget section */

/* Begin PBXProject section */
		3474E5822B50453200ED0C09 /* Project object */ = {
			isa = PBXProject;
			attributes = {
				BuildIndependentTargetsInParallel = 1;
				LastSwiftUpdateCheck = 1430;
				LastUpgradeCheck = 1430;
				TargetAttributes = {
					3474E5892B50453200ED0C09 = {
						CreatedOnToolsVersion = 14.3.1;
					};
					3474E5992B50453C00ED0C09 = {
						CreatedOnToolsVersion = 14.3.1;
						TestTargetID = 3474E5892B50453200ED0C09;
					};
					3474E5A32B50453C00ED0C09 = {
						CreatedOnToolsVersion = 14.3.1;
						TestTargetID = 3474E5892B50453200ED0C09;
					};
				};
			};
			buildConfigurationList = 3474E5852B50453200ED0C09 /* Build configuration list for PBXProject "puzzle 15 AI" */;
			compatibilityVersion = "Xcode 14.0";
			developmentRegion = en;
			hasScannedForEncodings = 0;
			knownRegions = (
				en,
				Base,
			);
			mainGroup = 3474E5812B50453200ED0C09;
			productRefGroup = 3474E58B2B50453200ED0C09 /* Products */;
			projectDirPath = "";
			projectRoot = "";
			targets = (
				3474E5892B50453200ED0C09 /* puzzle 15 AI */,
				3474E5992B50453C00ED0C09 /* puzzle 15 AITests */,
				3474E5A32B50453C00ED0C09 /* puzzle 15 AIUITests */,
			);
		};
/* End PBXProject section */

/* Begin PBXResourcesBuildPhase section */
		3474E5882B50453200ED0C09 /* Resources */ = {
			isa = PBXResourcesBuildPhase;
			buildActionMask = 2147483647;
			files = (
				3474E5952B50453C00ED0C09 /* Preview Assets.xcassets in Resources */,
				34B144A52B6955460096213C /* Sounds in Resources */,
				3474E5922B50453C00ED0C09 /* Assets.xcassets in Resources */,
			);
			runOnlyForDeploymentPostprocessing = 0;
		};
		3474E5982B50453C00ED0C09 /* Resources */ = {
			isa = PBXResourcesBuildPhase;
			buildActionMask = 2147483647;
			files = (
			);
			runOnlyForDeploymentPostprocessing = 0;
		};
		3474E5A22B50453C00ED0C09 /* Resources */ = {
			isa = PBXResourcesBuildPhase;
			buildActionMask = 2147483647;
			files = (
			);
			runOnlyForDeploymentPostprocessing = 0;
		};
/* End PBXResourcesBuildPhase section */

/* Begin PBXSourcesBuildPhase section */
		3474E5862B50453200ED0C09 /* Sources */ = {
			isa = PBXSourcesBuildPhase;
			buildActionMask = 2147483647;
			files = (
				3474E5902B50453200ED0C09 /* ContentView.swift in Sources */,
				3474E58E2B50453200ED0C09 /* puzzle_15_AIApp.swift in Sources */,
			);
			runOnlyForDeploymentPostprocessing = 0;
		};
		3474E5962B50453C00ED0C09 /* Sources */ = {
			isa = PBXSourcesBuildPhase;
			buildActionMask = 2147483647;
			files = (
				3474E59F2B50453C00ED0C09 /* puzzle_15_AITests.swift in Sources */,
			);
			runOnlyForDeploymentPostprocessing = 0;
		};
		3474E5A02B50453C00ED0C09 /* Sources */ = {
			isa = PBXSourcesBuildPhase;
			buildActionMask = 2147483647;
			files = (
				3474E5AB2B50453C00ED0C09 /* puzzle_15_AIUITestsLaunchTests.swift in Sources */,
				3474E5A92B50453C00ED0C09 /* puzzle_15_AIUITests.swift in Sources */,
			);
			runOnlyForDeploymentPostprocessing = 0;
		};
/* End PBXSourcesBuildPhase section */

/* Begin PBXTargetDependency section */
		3474E59C2B50453C00ED0C09 /* PBXTargetDependency */ = {
			isa = PBXTargetDependency;
			target = 3474E5892B50453200ED0C09 /* puzzle 15 AI */;
			targetProxy = 3474E59B2B50453C00ED0C09 /* PBXContainerItemProxy */;
		};
		3474E5A62B50453C00ED0C09 /* PBXTargetDependency */ = {
			isa = PBXTargetDependency;
			target = 3474E5892B50453200ED0C09 /* puzzle 15 AI */;
			targetProxy = 3474E5A52B50453C00ED0C09 /* PBXContainerItemProxy */;
		};
/* End PBXTargetDependency section */

/* Begin XCBuildConfiguration section */
		3474E5AC2B50453C00ED0C09 /* Debug */ = {
			isa = XCBuildConfiguration;
			buildSettings = {
				ALWAYS_SEARCH_USER_PATHS = NO;
				CLANG_ANALYZER_NONNULL = YES;
				CLANG_ANALYZER_NUMBER_OBJECT_CONVERSION = YES_AGGRESSIVE;
				CLANG_CXX_LANGUAGE_STANDARD = "gnu++20";
				CLANG_ENABLE_MODULES = YES;
				CLANG_ENABLE_OBJC_ARC = YES;
				CLANG_ENABLE_OBJC_WEAK = YES;
				CLANG_WARN_BLOCK_CAPTURE_AUTORELEASING = YES;
				CLANG_WARN_BOOL_CONVERSION = YES;
				CLANG_WARN_COMMA = YES;
				CLANG_WARN_CONSTANT_CONVERSION = YES;
				CLANG_WARN_DEPRECATED_OBJC_IMPLEMENTATIONS = YES;
				CLANG_WARN_DIRECT_OBJC_ISA_USAGE = YES_ERROR;
				CLANG_WARN_DOCUMENTATION_COMMENTS = YES;
				CLANG_WARN_EMPTY_BODY = YES;
				CLANG_WARN_ENUM_CONVERSION = YES;
				CLANG_WARN_INFINITE_RECURSION = YES;
				CLANG_WARN_INT_CONVERSION = YES;
				CLANG_WARN_NON_LITERAL_NULL_CONVERSION = YES;
				CLANG_WARN_OBJC_IMPLICIT_RETAIN_SELF = YES;
				CLANG_WARN_OBJC_LITERAL_CONVERSION = YES;
				CLANG_WARN_OBJC_ROOT_CLASS = YES_ERROR;
				CLANG_WARN_QUOTED_INCLUDE_IN_FRAMEWORK_HEADER = YES;
				CLANG_WARN_RANGE_LOOP_ANALYSIS = YES;
				CLANG_WARN_STRICT_PROTOTYPES = YES;
				CLANG_WARN_SUSPICIOUS_MOVE = YES;
				CLANG_WARN_UNGUARDED_AVAILABILITY = YES_AGGRESSIVE;
				CLANG_WARN_UNREACHABLE_CODE = YES;
				CLANG_WARN__DUPLICATE_METHOD_MATCH = YES;
				COPY_PHASE_STRIP = NO;
				DEBUG_INFORMATION_FORMAT = dwarf;
				ENABLE_STRICT_OBJC_MSGSEND = YES;
				ENABLE_TESTABILITY = YES;
				GCC_C_LANGUAGE_STANDARD = gnu11;
				GCC_DYNAMIC_NO_PIC = NO;
				GCC_NO_COMMON_BLOCKS = YES;
				GCC_OPTIMIZATION_LEVEL = 0;
				GCC_PREPROCESSOR_DEFINITIONS = (
					"DEBUG=1",
					"$(inherited)",
				);
				GCC_WARN_64_TO_32_BIT_CONVERSION = YES;
				GCC_WARN_ABOUT_RETURN_TYPE = YES_ERROR;
				GCC_WARN_UNDECLARED_SELECTOR = YES;
				GCC_WARN_UNINITIALIZED_AUTOS = YES_AGGRESSIVE;
				GCC_WARN_UNUSED_FUNCTION = YES;
				GCC_WARN_UNUSED_VARIABLE = YES;
				IPHONEOS_DEPLOYMENT_TARGET = 16.4;
				MTL_ENABLE_DEBUG_INFO = INCLUDE_SOURCE;
				MTL_FAST_MATH = YES;
				ONLY_ACTIVE_ARCH = YES;
				SDKROOT = iphoneos;
				SWIFT_ACTIVE_COMPILATION_CONDITIONS = DEBUG;
				SWIFT_OPTIMIZATION_LEVEL = "-Onone";
			};
			name = Debug;
		};
		3474E5AD2B50453C00ED0C09 /* Release */ = {
			isa = XCBuildConfiguration;
			buildSettings = {
				ALWAYS_SEARCH_USER_PATHS = NO;
				CLANG_ANALYZER_NONNULL = YES;
				CLANG_ANALYZER_NUMBER_OBJECT_CONVERSION = YES_AGGRESSIVE;
				CLANG_CXX_LANGUAGE_STANDARD = "gnu++20";
				CLANG_ENABLE_MODULES = YES;
				CLANG_ENABLE_OBJC_ARC = YES;
				CLANG_ENABLE_OBJC_WEAK = YES;
				CLANG_WARN_BLOCK_CAPTURE_AUTORELEASING = YES;
				CLANG_WARN_BOOL_CONVERSION = YES;
				CLANG_WARN_COMMA = YES;
				CLANG_WARN_CONSTANT_CONVERSION = YES;
				CLANG_WARN_DEPRECATED_OBJC_IMPLEMENTATIONS = YES;
				CLANG_WARN_DIRECT_OBJC_ISA_USAGE = YES_ERROR;
				CLANG_WARN_DOCUMENTATION_COMMENTS = YES;
				CLANG_WARN_EMPTY_BODY = YES;
				CLANG_WARN_ENUM_CONVERSION = YES;
				CLANG_WARN_INFINITE_RECURSION = YES;
				CLANG_WARN_INT_CONVERSION = YES;
				CLANG_WARN_NON_LITERAL_NULL_CONVERSION = YES;
				CLANG_WARN_OBJC_IMPLICIT_RETAIN_SELF = YES;
				CLANG_WARN_OBJC_LITERAL_CONVERSION = YES;
				CLANG_WARN_OBJC_ROOT_CLASS = YES_ERROR;
				CLANG_WARN_QUOTED_INCLUDE_IN_FRAMEWORK_HEADER = YES;
				CLANG_WARN_RANGE_LOOP_ANALYSIS = YES;
				CLANG_WARN_STRICT_PROTOTYPES = YES;
				CLANG_WARN_SUSPICIOUS_MOVE = YES;
				CLANG_WARN_UNGUARDED_AVAILABILITY = YES_AGGRESSIVE;
				CLANG_WARN_UNREACHABLE_CODE = YES;
				CLANG_WARN__DUPLICATE_METHOD_MATCH = YES;
				COPY_PHASE_STRIP = NO;
				DEBUG_INFORMATION_FORMAT = "dwarf-with-dsym";
				ENABLE_NS_ASSERTIONS = NO;
				ENABLE_STRICT_OBJC_MSGSEND = YES;
				GCC_C_LANGUAGE_STANDARD = gnu11;
				GCC_NO_COMMON_BLOCKS = YES;
				GCC_WARN_64_TO_32_BIT_CONVERSION = YES;
				GCC_WARN_ABOUT_RETURN_TYPE = YES_ERROR;
				GCC_WARN_UNDECLARED_SELECTOR = YES;
				GCC_WARN_UNINITIALIZED_AUTOS = YES_AGGRESSIVE;
				GCC_WARN_UNUSED_FUNCTION = YES;
				GCC_WARN_UNUSED_VARIABLE = YES;
				IPHONEOS_DEPLOYMENT_TARGET = 16.4;
				MTL_ENABLE_DEBUG_INFO = NO;
				MTL_FAST_MATH = YES;
				SDKROOT = iphoneos;
				SWIFT_COMPILATION_MODE = wholemodule;
				SWIFT_OPTIMIZATION_LEVEL = "-O";
				VALIDATE_PRODUCT = YES;
			};
			name = Release;
		};
		3474E5AF2B50453C00ED0C09 /* Debug */ = {
			isa = XCBuildConfiguration;
			buildSettings = {
				ASSETCATALOG_COMPILER_APPICON_NAME = AppIcon;
				ASSETCATALOG_COMPILER_GLOBAL_ACCENT_COLOR_NAME = AccentColor;
				CODE_SIGN_STYLE = Automatic;
				CURRENT_PROJECT_VERSION = 1;
				DEVELOPMENT_ASSET_PATHS = "\"puzzle 15 AI/Preview Content\"";
				DEVELOPMENT_TEAM = JXBBWBBFGX;
				ENABLE_PREVIEWS = YES;
				GENERATE_INFOPLIST_FILE = YES;
				INFOPLIST_KEY_UIApplicationSceneManifest_Generation = YES;
				INFOPLIST_KEY_UIApplicationSupportsIndirectInputEvents = YES;
				INFOPLIST_KEY_UILaunchScreen_Generation = YES;
				INFOPLIST_KEY_UISupportedInterfaceOrientations_iPad = "UIInterfaceOrientationPortrait UIInterfaceOrientationPortraitUpsideDown UIInterfaceOrientationLandscapeLeft UIInterfaceOrientationLandscapeRight";
				INFOPLIST_KEY_UISupportedInterfaceOrientations_iPhone = "UIInterfaceOrientationPortrait UIInterfaceOrientationLandscapeLeft UIInterfaceOrientationLandscapeRight";
				LD_RUNPATH_SEARCH_PATHS = (
					"$(inherited)",
					"@executable_path/Frameworks",
				);
				MARKETING_VERSION = 1.0;
				PRODUCT_BUNDLE_IDENTIFIER = "https---github.com-bfddeveloper.puzzle-15-AI";
				PRODUCT_NAME = "$(TARGET_NAME)";
				SWIFT_EMIT_LOC_STRINGS = YES;
				SWIFT_VERSION = 5.0;
				TARGETED_DEVICE_FAMILY = "1,2";
			};
			name = Debug;
		};
		3474E5B02B50453C00ED0C09 /* Release */ = {
			isa = XCBuildConfiguration;
			buildSettings = {
				ASSETCATALOG_COMPILER_APPICON_NAME = AppIcon;
				ASSETCATALOG_COMPILER_GLOBAL_ACCENT_COLOR_NAME = AccentColor;
				CODE_SIGN_STYLE = Automatic;
				CURRENT_PROJECT_VERSION = 1;
				DEVELOPMENT_ASSET_PATHS = "\"puzzle 15 AI/Preview Content\"";
				DEVELOPMENT_TEAM = JXBBWBBFGX;
				ENABLE_PREVIEWS = YES;
				GENERATE_INFOPLIST_FILE = YES;
				INFOPLIST_KEY_UIApplicationSceneManifest_Generation = YES;
				INFOPLIST_KEY_UIApplicationSupportsIndirectInputEvents = YES;
				INFOPLIST_KEY_UILaunchScreen_Generation = YES;
				INFOPLIST_KEY_UISupportedInterfaceOrientations_iPad = "UIInterfaceOrientationPortrait UIInterfaceOrientationPortraitUpsideDown UIInterfaceOrientationLandscapeLeft UIInterfaceOrientationLandscapeRight";
				INFOPLIST_KEY_UISupportedInterfaceOrientations_iPhone = "UIInterfaceOrientationPortrait UIInterfaceOrientationLandscapeLeft UIInterfaceOrientationLandscapeRight";
				LD_RUNPATH_SEARCH_PATHS = (
					"$(inherited)",
					"@executable_path/Frameworks",
				);
				MARKETING_VERSION = 1.0;
				PRODUCT_BUNDLE_IDENTIFIER = "https---github.com-bfddeveloper.puzzle-15-AI";
				PRODUCT_NAME = "$(TARGET_NAME)";
				SWIFT_EMIT_LOC_STRINGS = YES;
				SWIFT_VERSION = 5.0;
				TARGETED_DEVICE_FAMILY = "1,2";
			};
			name = Release;
		};
		3474E5B22B50453C00ED0C09 /* Debug */ = {
			isa = XCBuildConfiguration;
			buildSettings = {
				ALWAYS_EMBED_SWIFT_STANDARD_LIBRARIES = YES;
				BUNDLE_LOADER = "$(TEST_HOST)";
				CODE_SIGN_STYLE = Automatic;
				CURRENT_PROJECT_VERSION = 1;
				DEVELOPMENT_TEAM = JXBBWBBFGX;
				GENERATE_INFOPLIST_FILE = YES;
				IPHONEOS_DEPLOYMENT_TARGET = 16.4;
				MARKETING_VERSION = 1.0;
				PRODUCT_BUNDLE_IDENTIFIER = "https---github.com-bfddeveloper.puzzle-15-AITests";
				PRODUCT_NAME = "$(TARGET_NAME)";
				SWIFT_EMIT_LOC_STRINGS = NO;
				SWIFT_VERSION = 5.0;
				TARGETED_DEVICE_FAMILY = "1,2";
				TEST_HOST = "$(BUILT_PRODUCTS_DIR)/puzzle 15 AI.app/$(BUNDLE_EXECUTABLE_FOLDER_PATH)/puzzle 15 AI";
			};
			name = Debug;
		};
		3474E5B32B50453C00ED0C09 /* Release */ = {
			isa = XCBuildConfiguration;
			buildSettings = {
				ALWAYS_EMBED_SWIFT_STANDARD_LIBRARIES = YES;
				BUNDLE_LOADER = "$(TEST_HOST)";
				CODE_SIGN_STYLE = Automatic;
				CURRENT_PROJECT_VERSION = 1;
				DEVELOPMENT_TEAM = JXBBWBBFGX;
				GENERATE_INFOPLIST_FILE = YES;
				IPHONEOS_DEPLOYMENT_TARGET = 16.4;
				MARKETING_VERSION = 1.0;
				PRODUCT_BUNDLE_IDENTIFIER = "https---github.com-bfddeveloper.puzzle-15-AITests";
				PRODUCT_NAME = "$(TARGET_NAME)";
				SWIFT_EMIT_LOC_STRINGS = NO;
				SWIFT_VERSION = 5.0;
				TARGETED_DEVICE_FAMILY = "1,2";
				TEST_HOST = "$(BUILT_PRODUCTS_DIR)/puzzle 15 AI.app/$(BUNDLE_EXECUTABLE_FOLDER_PATH)/puzzle 15 AI";
			};
			name = Release;
		};
		3474E5B52B50453C00ED0C09 /* Debug */ = {
			isa = XCBuildConfiguration;
			buildSettings = {
				ALWAYS_EMBED_SWIFT_STANDARD_LIBRARIES = YES;
				CODE_SIGN_STYLE = Automatic;
				CURRENT_PROJECT_VERSION = 1;
				DEVELOPMENT_TEAM = JXBBWBBFGX;
				GENERATE_INFOPLIST_FILE = YES;
				MARKETING_VERSION = 1.0;
				PRODUCT_BUNDLE_IDENTIFIER = "https---github.com-bfddeveloper.puzzle-15-AIUITests";
				PRODUCT_NAME = "$(TARGET_NAME)";
				SWIFT_EMIT_LOC_STRINGS = NO;
				SWIFT_VERSION = 5.0;
				TARGETED_DEVICE_FAMILY = "1,2";
				TEST_TARGET_NAME = "puzzle 15 AI";
			};
			name = Debug;
		};
		3474E5B62B50453C00ED0C09 /* Release */ = {
			isa = XCBuildConfiguration;
			buildSettings = {
				ALWAYS_EMBED_SWIFT_STANDARD_LIBRARIES = YES;
				CODE_SIGN_STYLE = Automatic;
				CURRENT_PROJECT_VERSION = 1;
				DEVELOPMENT_TEAM = JXBBWBBFGX;
				GENERATE_INFOPLIST_FILE = YES;
				MARKETING_VERSION = 1.0;
				PRODUCT_BUNDLE_IDENTIFIER = "https---github.com-bfddeveloper.puzzle-15-AIUITests";
				PRODUCT_NAME = "$(TARGET_NAME)";
				SWIFT_EMIT_LOC_STRINGS = NO;
				SWIFT_VERSION = 5.0;
				TARGETED_DEVICE_FAMILY = "1,2";
				TEST_TARGET_NAME = "puzzle 15 AI";
			};
			name = Release;
		};
/* End XCBuildConfiguration section */

/* Begin XCConfigurationList section */
		3474E5852B50453200ED0C09 /* Build configuration list for PBXProject "puzzle 15 AI" */ = {
			isa = XCConfigurationList;
			buildConfigurations = (
				3474E5AC2B50453C00ED0C09 /* Debug */,
				3474E5AD2B50453C00ED0C09 /* Release */,
			);
			defaultConfigurationIsVisible = 0;
			defaultConfigurationName = Release;
		};
		3474E5AE2B50453C00ED0C09 /* Build configuration list for PBXNativeTarget "puzzle 15 AI" */ = {
			isa = XCConfigurationList;
			buildConfigurations = (
				3474E5AF2B50453C00ED0C09 /* Debug */,
				3474E5B02B50453C00ED0C09 /* Release */,
			);
			defaultConfigurationIsVisible = 0;
			defaultConfigurationName = Release;
		};
		3474E5B12B50453C00ED0C09 /* Build configuration list for PBXNativeTarget "puzzle 15 AITests" */ = {
			isa = XCConfigurationList;
			buildConfigurations = (
				3474E5B22B50453C00ED0C09 /* Debug */,
				3474E5B32B50453C00ED0C09 /* Release */,
			);
			defaultConfigurationIsVisible = 0;
			defaultConfigurationName = Release;
		};
		3474E5B42B50453C00ED0C09 /* Build configuration list for PBXNativeTarget "puzzle 15 AIUITests" */ = {
			isa = XCConfigurationList;
			buildConfigurations = (
				3474E5B52B50453C00ED0C09 /* Debug */,
				3474E5B62B50453C00ED0C09 /* Release */,
			);
			defaultConfigurationIsVisible = 0;
			defaultConfigurationName = Release;
		};
/* End XCConfigurationList section */
	};
	rootObject = 3474E5822B50453200ED0C09 /* Project object */;
}
